
Microsoft Visual Studio Solution File, Format Version 12.00
# Visual Studio Version 17
VisualStudioVersion = 17.6.33829.357
MinimumVisualStudioVersion = 10.0.40219.1
Project("{9A19103F-16F7-4668-BE54-9A1E7A4F7556}") = "Nlnet.Avalonia.Css.Samples", "Nlnet.Avalonia.Css.Samples\Nlnet.Avalonia.Css.Samples.csproj", "{6CD5C80D-D628-46D8-83C2-71E60C359709}"
EndProject
Project("{9A19103F-16F7-4668-BE54-9A1E7A4F7556}") = "Nlnet.Avalonia.Css.Samples.Desktop", "Nlnet.Avalonia.Css.Samples.Desktop\Nlnet.Avalonia.Css.Samples.Desktop.csproj", "{AEE9B42A-1DE3-4731-9A7E-142311503C49}"
EndProject
Global
	GlobalSection(SolutionConfigurationPlatforms) = preSolution
		Debug|Any CPU = Debug|Any CPU
		Release|Any CPU = Release|Any CPU
	EndGlobalSection
	GlobalSection(ProjectConfigurationPlatforms) = postSolution
		{6CD5C80D-D628-46D8-83C2-71E60C359709}.Debug|Any CPU.ActiveCfg = Debug|Any CPU
		{6CD5C80D-D628-46D8-83C2-71E60C359709}.Debug|Any CPU.Build.0 = Debug|Any CPU
		{6CD5C80D-D628-46D8-83C2-71E60C359709}.Release|Any CPU.ActiveCfg = Release|Any CPU
		{6CD5C80D-D628-46D8-83C2-71E60C359709}.Release|Any CPU.Build.0 = Release|Any CPU
		{AEE9B42A-1DE3-4731-9A7E-142311503C49}.Debug|Any CPU.ActiveCfg = Debug|Any CPU
		{AEE9B42A-1DE3-4731-9A7E-142311503C49}.Debug|Any CPU.Build.0 = Debug|Any CPU
		{AEE9B42A-1DE3-4731-9A7E-142311503C49}.Release|Any CPU.ActiveCfg = Release|Any CPU
		{AEE9B42A-1DE3-4731-9A7E-142311503C49}.Release|Any CPU.Build.0 = Release|Any CPU
	EndGlobalSection
	GlobalSection(SolutionProperties) = preSolution
		HideSolutionNode = FALSE
	EndGlobalSection
	GlobalSection(ExtensibilityGlobals) = postSolution
		SolutionGuid = {067850F5-94ED-44E9-9010-A319EF572ACE}
	EndGlobalSection
EndGlobal
