
Microsoft Visual Studio Solution File, Format Version 12.00
# Visual Studio Version 17
VisualStudioVersion = 17.6.33829.357
MinimumVisualStudioVersion = 10.0.40219.1
Project("{9A19103F-16F7-4668-BE54-9A1E7A4F7556}") = "Nlnet.Avalonia.MessageBox.Samples", "Nlnet.Avalonia.MessageBox.Samples\Nlnet.Avalonia.MessageBox.Samples.csproj", "{7044C143-36E2-4813-AD2D-2A4C7E5FAEC4}"
EndProject
Project("{9A19103F-16F7-4668-BE54-9A1E7A4F7556}") = "Nlnet.Avalonia.MessageBox.Samples.Desktop", "Nlnet.Avalonia.MessageBox.Samples.Desktop\Nlnet.Avalonia.MessageBox.Samples.Desktop.csproj", "{7116AC10-6988-4552-92AC-85EF5ECCADD3}"
EndProject
Global
	GlobalSection(SolutionConfigurationPlatforms) = preSolution
		Debug|Any CPU = Debug|Any CPU
		Release|Any CPU = Release|Any CPU
	EndGlobalSection
	GlobalSection(ProjectConfigurationPlatforms) = postSolution
		{7044C143-36E2-4813-AD2D-2A4C7E5FAEC4}.Debug|Any CPU.ActiveCfg = Debug|Any CPU
		{7044C143-36E2-4813-AD2D-2A4C7E5FAEC4}.Debug|Any CPU.Build.0 = Debug|Any CPU
		{7044C143-36E2-4813-AD2D-2A4C7E5FAEC4}.Release|Any CPU.ActiveCfg = Release|Any CPU
		{7044C143-36E2-4813-AD2D-2A4C7E5FAEC4}.Release|Any CPU.Build.0 = Release|Any CPU
		{7116AC10-6988-4552-92AC-85EF5ECCADD3}.Debug|Any CPU.ActiveCfg = Debug|Any CPU
		{7116AC10-6988-4552-92AC-85EF5ECCADD3}.Debug|Any CPU.Build.0 = Debug|Any CPU
		{7116AC10-6988-4552-92AC-85EF5ECCADD3}.Release|Any CPU.ActiveCfg = Release|Any CPU
		{7116AC10-6988-4552-92AC-85EF5ECCADD3}.Release|Any CPU.Build.0 = Release|Any CPU
	EndGlobalSection
	GlobalSection(SolutionProperties) = preSolution
		HideSolutionNode = FALSE
	EndGlobalSection
	GlobalSection(ExtensibilityGlobals) = postSolution
		SolutionGuid = {067850F5-94ED-44E9-9010-A319EF572ACE}
	EndGlobalSection
EndGlobal
