
Microsoft Visual Studio Solution File, Format Version 12.00
# Visual Studio Version 17
VisualStudioVersion = 17.4.33122.133
MinimumVisualStudioVersion = 10.0.40219.1
Project("{9A19103F-16F7-4668-BE54-9A1E7A4F7556}") = "Nlnet.Avalonia.Css", "Nlnet.Avalonia.Css\Nlnet.Avalonia.Css.csproj", "{737150B9-AC64-4AF3-B080-8D4CEE64E9D5}"
EndProject
Project("{9A19103F-16F7-4668-BE54-9A1E7A4F7556}") = "Nlnet.Avalonia.Css.App", "Nlnet.Avalonia.Css.App\Nlnet.Avalonia.Css.App.csproj", "{C6C78455-2E84-4595-B2FF-7ABD2692F6EE}"
EndProject
Project("{9A19103F-16F7-4668-BE54-9A1E7A4F7556}") = "Nlnet.Avalonia.Css.Test", "Nlnet.Avalonia.Css.Test\Nlnet.Avalonia.Css.Test.csproj", "{71CDC9AB-A93C-4B11-A95E-C05C200934FF}"
EndProject
Project("{9A19103F-16F7-4668-BE54-9A1E7A4F7556}") = "Nlnet.Avalonia.Css.Fluent", "Nlnet.Avalonia.Css.Fluent\Nlnet.Avalonia.Css.Fluent.csproj", "{E629FF46-4B1A-43B3-A102-E3D048DA1429}"
EndProject
Project("{9A19103F-16F7-4668-BE54-9A1E7A4F7556}") = "Nlnet.Avalonia.SampleAssistant", "Nlnet.Avalonia.SampleAssistant\Nlnet.Avalonia.SampleAssistant.csproj", "{618E2CA9-5381-475B-A790-875F8ED0DA04}"
EndProject
Project("{9A19103F-16F7-4668-BE54-9A1E7A4F7556}") = "Nlnet.Avalonia.Css.Controls", "Nlnet.Avalonia.Css.Controls\Nlnet.Avalonia.Css.Controls.csproj", "{A28C1165-9626-404E-9401-54C12726FB49}"
EndProject
Project("{2150E333-8FDC-42A3-9474-1A3956D46DE8}") = "Samples", "Samples", "{B71ACD30-93EC-474B-9CE1-B441CECBEF16}"
EndProject
Project("{9A19103F-16F7-4668-BE54-9A1E7A4F7556}") = "Nlnet.Avalonia.Senior", "Nlnet.Avalonia.Senior\Nlnet.Avalonia.Senior.csproj", "{341C3E6B-3C6C-4F13-8225-7458B9F12470}"
EndProject
Project("{9A19103F-16F7-4668-BE54-9A1E7A4F7556}") = "Nlnet.Avalonia.Css.Behaviors", "Nlnet.Avalonia.Css.Behaviors\Nlnet.Avalonia.Css.Behaviors.csproj", "{208B947C-509C-44F3-92D8-6A3F63C01F50}"
EndProject
Project("{9A19103F-16F7-4668-BE54-9A1E7A4F7556}") = "Nlnet.Avalonia.Css.CompileGenerator", "Nlnet.Avalonia.Css.CompileGenerator\Nlnet.Avalonia.Css.CompileGenerator.csproj", "{8146BAB9-1888-44FF-B0A3-F240CC10A8F2}"
EndProject
Project("{9A19103F-16F7-4668-BE54-9A1E7A4F7556}") = "Nlnet.Avalonia.MessageBox", "Nlnet.Avalonia.MessageBox\Nlnet.Avalonia.MessageBox.csproj", "{0F96BCAC-E6DF-4549-8BDD-E00F68C928AD}"
EndProject
Project("{2150E333-8FDC-42A3-9474-1A3956D46DE8}") = "build", "build", "{64CD8901-8BEE-44FD-8AE0-6412D818FBA0}"
	ProjectSection(SolutionItems) = preProject
		Directory.Build.props = Directory.Build.props
	EndProjectSection
EndProject
Project("{2150E333-8FDC-42A3-9474-1A3956D46DE8}") = "Tests", "Tests", "{3B071EDD-C60F-4986-9FD9-406B89A32E97}"
EndProject
Project("{9A19103F-16F7-4668-BE54-9A1E7A4F7556}") = "Nlnet.Avalonia.Css.Sample.LocalContext", "Nlnet.Avalonia.Css.Sample.LocalContext\Nlnet.Avalonia.Css.Sample.LocalContext.csproj", "{B2633690-9B5C-45D5-8FA2-4A276BB23CEC}"
EndProject
Global
	GlobalSection(SolutionConfigurationPlatforms) = preSolution
		Debug|Any CPU = Debug|Any CPU
		LinuxDebug|Any CPU = LinuxDebug|Any CPU
		Release|Any CPU = Release|Any CPU
	EndGlobalSection
	GlobalSection(ProjectConfigurationPlatforms) = postSolution
		{737150B9-AC64-4AF3-B080-8D4CEE64E9D5}.Debug|Any CPU.ActiveCfg = Debug|Any CPU
		{737150B9-AC64-4AF3-B080-8D4CEE64E9D5}.Debug|Any CPU.Build.0 = Debug|Any CPU
		{737150B9-AC64-4AF3-B080-8D4CEE64E9D5}.LinuxDebug|Any CPU.ActiveCfg = LinuxDebug|Any CPU
		{737150B9-AC64-4AF3-B080-8D4CEE64E9D5}.LinuxDebug|Any CPU.Build.0 = LinuxDebug|Any CPU
		{737150B9-AC64-4AF3-B080-8D4CEE64E9D5}.Release|Any CPU.ActiveCfg = Release|Any CPU
		{737150B9-AC64-4AF3-B080-8D4CEE64E9D5}.Release|Any CPU.Build.0 = Release|Any CPU
		{C6C78455-2E84-4595-B2FF-7ABD2692F6EE}.Debug|Any CPU.ActiveCfg = Debug|Any CPU
		{C6C78455-2E84-4595-B2FF-7ABD2692F6EE}.Debug|Any CPU.Build.0 = Debug|Any CPU
		{C6C78455-2E84-4595-B2FF-7ABD2692F6EE}.LinuxDebug|Any CPU.ActiveCfg = LinuxDebug|Any CPU
		{C6C78455-2E84-4595-B2FF-7ABD2692F6EE}.LinuxDebug|Any CPU.Build.0 = LinuxDebug|Any CPU
		{C6C78455-2E84-4595-B2FF-7ABD2692F6EE}.Release|Any CPU.ActiveCfg = Release|Any CPU
		{C6C78455-2E84-4595-B2FF-7ABD2692F6EE}.Release|Any CPU.Build.0 = Release|Any CPU
		{71CDC9AB-A93C-4B11-A95E-C05C200934FF}.Debug|Any CPU.ActiveCfg = Debug|Any CPU
		{71CDC9AB-A93C-4B11-A95E-C05C200934FF}.Debug|Any CPU.Build.0 = Debug|Any CPU
		{71CDC9AB-A93C-4B11-A95E-C05C200934FF}.LinuxDebug|Any CPU.ActiveCfg = LinuxDebug|Any CPU
		{71CDC9AB-A93C-4B11-A95E-C05C200934FF}.LinuxDebug|Any CPU.Build.0 = LinuxDebug|Any CPU
		{71CDC9AB-A93C-4B11-A95E-C05C200934FF}.Release|Any CPU.ActiveCfg = Release|Any CPU
		{71CDC9AB-A93C-4B11-A95E-C05C200934FF}.Release|Any CPU.Build.0 = Release|Any CPU
		{E629FF46-4B1A-43B3-A102-E3D048DA1429}.Debug|Any CPU.ActiveCfg = Debug|Any CPU
		{E629FF46-4B1A-43B3-A102-E3D048DA1429}.Debug|Any CPU.Build.0 = Debug|Any CPU
		{E629FF46-4B1A-43B3-A102-E3D048DA1429}.LinuxDebug|Any CPU.ActiveCfg = LinuxDebug|Any CPU
		{E629FF46-4B1A-43B3-A102-E3D048DA1429}.LinuxDebug|Any CPU.Build.0 = LinuxDebug|Any CPU
		{E629FF46-4B1A-43B3-A102-E3D048DA1429}.Release|Any CPU.ActiveCfg = Release|Any CPU
		{E629FF46-4B1A-43B3-A102-E3D048DA1429}.Release|Any CPU.Build.0 = Release|Any CPU
		{618E2CA9-5381-475B-A790-875F8ED0DA04}.Debug|Any CPU.ActiveCfg = Debug|Any CPU
		{618E2CA9-5381-475B-A790-875F8ED0DA04}.Debug|Any CPU.Build.0 = Debug|Any CPU
		{618E2CA9-5381-475B-A790-875F8ED0DA04}.LinuxDebug|Any CPU.ActiveCfg = LinuxDebug|Any CPU
		{618E2CA9-5381-475B-A790-875F8ED0DA04}.LinuxDebug|Any CPU.Build.0 = LinuxDebug|Any CPU
		{618E2CA9-5381-475B-A790-875F8ED0DA04}.Release|Any CPU.ActiveCfg = Release|Any CPU
		{618E2CA9-5381-475B-A790-875F8ED0DA04}.Release|Any CPU.Build.0 = Release|Any CPU
		{A28C1165-9626-404E-9401-54C12726FB49}.Debug|Any CPU.ActiveCfg = Debug|Any CPU
		{A28C1165-9626-404E-9401-54C12726FB49}.Debug|Any CPU.Build.0 = Debug|Any CPU
		{A28C1165-9626-404E-9401-54C12726FB49}.LinuxDebug|Any CPU.ActiveCfg = LinuxDebug|Any CPU
		{A28C1165-9626-404E-9401-54C12726FB49}.LinuxDebug|Any CPU.Build.0 = LinuxDebug|Any CPU
		{A28C1165-9626-404E-9401-54C12726FB49}.Release|Any CPU.ActiveCfg = Release|Any CPU
		{A28C1165-9626-404E-9401-54C12726FB49}.Release|Any CPU.Build.0 = Release|Any CPU
		{341C3E6B-3C6C-4F13-8225-7458B9F12470}.Debug|Any CPU.ActiveCfg = Debug|Any CPU
		{341C3E6B-3C6C-4F13-8225-7458B9F12470}.Debug|Any CPU.Build.0 = Debug|Any CPU
		{341C3E6B-3C6C-4F13-8225-7458B9F12470}.LinuxDebug|Any CPU.ActiveCfg = LinuxDebug|Any CPU
		{341C3E6B-3C6C-4F13-8225-7458B9F12470}.LinuxDebug|Any CPU.Build.0 = LinuxDebug|Any CPU
		{341C3E6B-3C6C-4F13-8225-7458B9F12470}.Release|Any CPU.ActiveCfg = Release|Any CPU
		{341C3E6B-3C6C-4F13-8225-7458B9F12470}.Release|Any CPU.Build.0 = Release|Any CPU
		{208B947C-509C-44F3-92D8-6A3F63C01F50}.Debug|Any CPU.ActiveCfg = Debug|Any CPU
		{208B947C-509C-44F3-92D8-6A3F63C01F50}.Debug|Any CPU.Build.0 = Debug|Any CPU
		{208B947C-509C-44F3-92D8-6A3F63C01F50}.LinuxDebug|Any CPU.ActiveCfg = LinuxDebug|Any CPU
		{208B947C-509C-44F3-92D8-6A3F63C01F50}.LinuxDebug|Any CPU.Build.0 = LinuxDebug|Any CPU
		{208B947C-509C-44F3-92D8-6A3F63C01F50}.Release|Any CPU.ActiveCfg = Release|Any CPU
		{208B947C-509C-44F3-92D8-6A3F63C01F50}.Release|Any CPU.Build.0 = Release|Any CPU
		{8146BAB9-1888-44FF-B0A3-F240CC10A8F2}.Debug|Any CPU.ActiveCfg = Debug|Any CPU
		{8146BAB9-1888-44FF-B0A3-F240CC10A8F2}.Debug|Any CPU.Build.0 = Debug|Any CPU
		{8146BAB9-1888-44FF-B0A3-F240CC10A8F2}.LinuxDebug|Any CPU.ActiveCfg = Debug|Any CPU
		{8146BAB9-1888-44FF-B0A3-F240CC10A8F2}.LinuxDebug|Any CPU.Build.0 = Debug|Any CPU
		{8146BAB9-1888-44FF-B0A3-F240CC10A8F2}.Release|Any CPU.ActiveCfg = Release|Any CPU
		{8146BAB9-1888-44FF-B0A3-F240CC10A8F2}.Release|Any CPU.Build.0 = Release|Any CPU
		{0F96BCAC-E6DF-4549-8BDD-E00F68C928AD}.Debug|Any CPU.ActiveCfg = Debug|Any CPU
		{0F96BCAC-E6DF-4549-8BDD-E00F68C928AD}.Debug|Any CPU.Build.0 = Debug|Any CPU
		{0F96BCAC-E6DF-4549-8BDD-E00F68C928AD}.LinuxDebug|Any CPU.ActiveCfg = LinuxDebug|Any CPU
		{0F96BCAC-E6DF-4549-8BDD-E00F68C928AD}.LinuxDebug|Any CPU.Build.0 = LinuxDebug|Any CPU
		{0F96BCAC-E6DF-4549-8BDD-E00F68C928AD}.Release|Any CPU.ActiveCfg = Release|Any CPU
		{0F96BCAC-E6DF-4549-8BDD-E00F68C928AD}.Release|Any CPU.Build.0 = Release|Any CPU
		{B2633690-9B5C-45D5-8FA2-4A276BB23CEC}.Debug|Any CPU.ActiveCfg = Debug|Any CPU
		{B2633690-9B5C-45D5-8FA2-4A276BB23CEC}.Debug|Any CPU.Build.0 = Debug|Any CPU
		{B2633690-9B5C-45D5-8FA2-4A276BB23CEC}.LinuxDebug|Any CPU.ActiveCfg = LinuxDebug|Any CPU
		{B2633690-9B5C-45D5-8FA2-4A276BB23CEC}.LinuxDebug|Any CPU.Build.0 = LinuxDebug|Any CPU
		{B2633690-9B5C-45D5-8FA2-4A276BB23CEC}.Release|Any CPU.ActiveCfg = Release|Any CPU
		{B2633690-9B5C-45D5-8FA2-4A276BB23CEC}.Release|Any CPU.Build.0 = Release|Any CPU
	EndGlobalSection
	GlobalSection(SolutionProperties) = preSolution
		HideSolutionNode = FALSE
	EndGlobalSection
	GlobalSection(NestedProjects) = preSolution
		{C6C78455-2E84-4595-B2FF-7ABD2692F6EE} = {B71ACD30-93EC-474B-9CE1-B441CECBEF16}
		{71CDC9AB-A93C-4B11-A95E-C05C200934FF} = {3B071EDD-C60F-4986-9FD9-406B89A32E97}
		{618E2CA9-5381-475B-A790-875F8ED0DA04} = {B71ACD30-93EC-474B-9CE1-B441CECBEF16}
		{B2633690-9B5C-45D5-8FA2-4A276BB23CEC} = {B71ACD30-93EC-474B-9CE1-B441CECBEF16}
	EndGlobalSection
	GlobalSection(ExtensibilityGlobals) = postSolution
		SolutionGuid = {04398A46-8E2A-4709-8509-159F6AD6D60A}
	EndGlobalSection
EndGlobal
